// !$*UTF8*$!
{
	archiveVersion = 1;
	classes = {
	};
	objectVersion = 55;
	objects = {

/* Begin PBXBuildFile section */
		2D65554928BDF89900E288B0 /* CityWeatherViewController.swift in Sources */ = {isa = PBXBuildFile; fileRef = 2D65554828BDF89900E288B0 /* CityWeatherViewController.swift */; };
		2D65554B28BDF8DE00E288B0 /* CityWeatherView.swift in Sources */ = {isa = PBXBuildFile; fileRef = 2D65554A28BDF8DE00E288B0 /* CityWeatherView.swift */; };
		2D65555328BE0A2500E288B0 /* CityWeatherCollectionViewCell.swift in Sources */ = {isa = PBXBuildFile; fileRef = 2D65555228BE0A2500E288B0 /* CityWeatherCollectionViewCell.swift */; };
		2D65555928BE37B800E288B0 /* UIStackView+Extension.swift in Sources */ = {isa = PBXBuildFile; fileRef = 2D65555828BE37B800E288B0 /* UIStackView+Extension.swift */; };
		2D65555B28BE37F700E288B0 /* UIView+Extension.swift in Sources */ = {isa = PBXBuildFile; fileRef = 2D65555A28BE37F700E288B0 /* UIView+Extension.swift */; };
		2D8F48E828BF9C420031B2DC /* NetworkResult.swift in Sources */ = {isa = PBXBuildFile; fileRef = 2D8F48E728BF9C420031B2DC /* NetworkResult.swift */; };
		2D8F48ED28BF9EA80031B2DC /* NetworkService.swift in Sources */ = {isa = PBXBuildFile; fileRef = 2D8F48EC28BF9EA80031B2DC /* NetworkService.swift */; };
		2D8F48EF28BFA53A0031B2DC /* WeatherDTO.swift in Sources */ = {isa = PBXBuildFile; fileRef = 2D8F48EE28BFA53A0031B2DC /* WeatherDTO.swift */; };
		2DF908C828BDD55D006360E5 /* AppDelegate.swift in Sources */ = {isa = PBXBuildFile; fileRef = 2DF908C728BDD55D006360E5 /* AppDelegate.swift */; };
		2DF908CA28BDD55D006360E5 /* SceneDelegate.swift in Sources */ = {isa = PBXBuildFile; fileRef = 2DF908C928BDD55D006360E5 /* SceneDelegate.swift */; };
		2DF908D128BDD55E006360E5 /* Assets.xcassets in Resources */ = {isa = PBXBuildFile; fileRef = 2DF908D028BDD55E006360E5 /* Assets.xcassets */; };
		2DF908D428BDD55E006360E5 /* LaunchScreen.storyboard in Resources */ = {isa = PBXBuildFile; fileRef = 2DF908D228BDD55E006360E5 /* LaunchScreen.storyboard */; };
/* End PBXBuildFile section */

/* Begin PBXFileReference section */
		2D65554828BDF89900E288B0 /* CityWeatherViewController.swift */ = {isa = PBXFileReference; lastKnownFileType = sourcecode.swift; path = CityWeatherViewController.swift; sourceTree = "<group>"; };
		2D65554A28BDF8DE00E288B0 /* CityWeatherView.swift */ = {isa = PBXFileReference; lastKnownFileType = sourcecode.swift; path = CityWeatherView.swift; sourceTree = "<group>"; };
		2D65555228BE0A2500E288B0 /* CityWeatherCollectionViewCell.swift */ = {isa = PBXFileReference; lastKnownFileType = sourcecode.swift; path = CityWeatherCollectionViewCell.swift; sourceTree = "<group>"; };
		2D65555828BE37B800E288B0 /* UIStackView+Extension.swift */ = {isa = PBXFileReference; lastKnownFileType = sourcecode.swift; path = "UIStackView+Extension.swift"; sourceTree = "<group>"; };
		2D65555A28BE37F700E288B0 /* UIView+Extension.swift */ = {isa = PBXFileReference; lastKnownFileType = sourcecode.swift; path = "UIView+Extension.swift"; sourceTree = "<group>"; };
		2D8F48E728BF9C420031B2DC /* NetworkResult.swift */ = {isa = PBXFileReference; lastKnownFileType = sourcecode.swift; path = NetworkResult.swift; sourceTree = "<group>"; };
		2D8F48EC28BF9EA80031B2DC /* NetworkService.swift */ = {isa = PBXFileReference; lastKnownFileType = sourcecode.swift; path = NetworkService.swift; sourceTree = "<group>"; };
		2D8F48EE28BFA53A0031B2DC /* WeatherDTO.swift */ = {isa = PBXFileReference; lastKnownFileType = sourcecode.swift; path = WeatherDTO.swift; sourceTree = "<group>"; };
		2DF908C428BDD55D006360E5 /* wanted-pre-onboarding.app */ = {isa = PBXFileReference; explicitFileType = wrapper.application; includeInIndex = 0; path = "wanted-pre-onboarding.app"; sourceTree = BUILT_PRODUCTS_DIR; };
		2DF908C728BDD55D006360E5 /* AppDelegate.swift */ = {isa = PBXFileReference; lastKnownFileType = sourcecode.swift; path = AppDelegate.swift; sourceTree = "<group>"; };
		2DF908C928BDD55D006360E5 /* SceneDelegate.swift */ = {isa = PBXFileReference; lastKnownFileType = sourcecode.swift; path = SceneDelegate.swift; sourceTree = "<group>"; };
		2DF908D028BDD55E006360E5 /* Assets.xcassets */ = {isa = PBXFileReference; lastKnownFileType = folder.assetcatalog; path = Assets.xcassets; sourceTree = "<group>"; };
		2DF908D328BDD55E006360E5 /* Base */ = {isa = PBXFileReference; lastKnownFileType = file.storyboard; name = Base; path = Base.lproj/LaunchScreen.storyboard; sourceTree = "<group>"; };
		2DF908D528BDD55E006360E5 /* Info.plist */ = {isa = PBXFileReference; lastKnownFileType = text.plist.xml; path = Info.plist; sourceTree = "<group>"; };
/* End PBXFileReference section */

/* Begin PBXFrameworksBuildPhase section */
		2DF908C128BDD55D006360E5 /* Frameworks */ = {
			isa = PBXFrameworksBuildPhase;
			buildActionMask = 2147483647;
			files = (
			);
			runOnlyForDeploymentPostprocessing = 0;
		};
/* End PBXFrameworksBuildPhase section */

/* Begin PBXGroup section */
		2D65554F28BE04F500E288B0 /* Application */ = {
			isa = PBXGroup;
			children = (
				2DF908C728BDD55D006360E5 /* AppDelegate.swift */,
				2DF908C928BDD55D006360E5 /* SceneDelegate.swift */,
				2DF908D228BDD55E006360E5 /* LaunchScreen.storyboard */,
				2DF908D528BDD55E006360E5 /* Info.plist */,
			);
			path = Application;
			sourceTree = "<group>";
		};
		2D65555028BE050300E288B0 /* Resource */ = {
			isa = PBXGroup;
			children = (
				2DF908D028BDD55E006360E5 /* Assets.xcassets */,
			);
			path = Resource;
			sourceTree = "<group>";
		};
		2D65555128BE051200E288B0 /* Source */ = {
			isa = PBXGroup;
			children = (
				2D8F48E628BF9C350031B2DC /* Network */,
				2D65555728BE37A100E288B0 /* Util */,
				2D65554828BDF89900E288B0 /* CityWeatherViewController.swift */,
				2D65554A28BDF8DE00E288B0 /* CityWeatherView.swift */,
				2D65555228BE0A2500E288B0 /* CityWeatherCollectionViewCell.swift */,
			);
			path = Source;
			sourceTree = "<group>";
		};
		2D65555728BE37A100E288B0 /* Util */ = {
			isa = PBXGroup;
			children = (
				2D65555828BE37B800E288B0 /* UIStackView+Extension.swift */,
				2D65555A28BE37F700E288B0 /* UIView+Extension.swift */,
			);
			path = Util;
			sourceTree = "<group>";
		};
		2D8F48E628BF9C350031B2DC /* Network */ = {
			isa = PBXGroup;
			children = (
				2D8F48E728BF9C420031B2DC /* NetworkResult.swift */,
				2D8F48EC28BF9EA80031B2DC /* NetworkService.swift */,
				2D8F48EE28BFA53A0031B2DC /* WeatherDTO.swift */,
			);
			path = Network;
			sourceTree = "<group>";
		};
		2DF908BB28BDD55D006360E5 = {
			isa = PBXGroup;
			children = (
				2DF908C628BDD55D006360E5 /* wanted-pre-onboarding */,
				2DF908C528BDD55D006360E5 /* Products */,
			);
			sourceTree = "<group>";
		};
		2DF908C528BDD55D006360E5 /* Products */ = {
			isa = PBXGroup;
			children = (
				2DF908C428BDD55D006360E5 /* wanted-pre-onboarding.app */,
			);
			name = Products;
			sourceTree = "<group>";
		};
		2DF908C628BDD55D006360E5 /* wanted-pre-onboarding */ = {
			isa = PBXGroup;
			children = (
				2D65554F28BE04F500E288B0 /* Application */,
				2D65555028BE050300E288B0 /* Resource */,
				2D65555128BE051200E288B0 /* Source */,
			);
			path = "wanted-pre-onboarding";
			sourceTree = "<group>";
		};
/* End PBXGroup section */

/* Begin PBXNativeTarget section */
		2DF908C328BDD55D006360E5 /* wanted-pre-onboarding */ = {
			isa = PBXNativeTarget;
			buildConfigurationList = 2DF908D828BDD55E006360E5 /* Build configuration list for PBXNativeTarget "wanted-pre-onboarding" */;
			buildPhases = (
				2DF908C028BDD55D006360E5 /* Sources */,
				2DF908C128BDD55D006360E5 /* Frameworks */,
				2DF908C228BDD55D006360E5 /* Resources */,
			);
			buildRules = (
			);
			dependencies = (
			);
			name = "wanted-pre-onboarding";
			productName = "wanted-pre-onboarding";
			productReference = 2DF908C428BDD55D006360E5 /* wanted-pre-onboarding.app */;
			productType = "com.apple.product-type.application";
		};
/* End PBXNativeTarget section */

/* Begin PBXProject section */
		2DF908BC28BDD55D006360E5 /* Project object */ = {
			isa = PBXProject;
			attributes = {
				BuildIndependentTargetsInParallel = 1;
				LastSwiftUpdateCheck = 1330;
				LastUpgradeCheck = 1330;
				TargetAttributes = {
					2DF908C328BDD55D006360E5 = {
						CreatedOnToolsVersion = 13.3.1;
					};
				};
			};
			buildConfigurationList = 2DF908BF28BDD55D006360E5 /* Build configuration list for PBXProject "wanted-pre-onboarding" */;
			compatibilityVersion = "Xcode 13.0";
			developmentRegion = en;
			hasScannedForEncodings = 0;
			knownRegions = (
				en,
				Base,
			);
			mainGroup = 2DF908BB28BDD55D006360E5;
			productRefGroup = 2DF908C528BDD55D006360E5 /* Products */;
			projectDirPath = "";
			projectRoot = "";
			targets = (
				2DF908C328BDD55D006360E5 /* wanted-pre-onboarding */,
			);
		};
/* End PBXProject section */

/* Begin PBXResourcesBuildPhase section */
		2DF908C228BDD55D006360E5 /* Resources */ = {
			isa = PBXResourcesBuildPhase;
			buildActionMask = 2147483647;
			files = (
				2DF908D428BDD55E006360E5 /* LaunchScreen.storyboard in Resources */,
				2DF908D128BDD55E006360E5 /* Assets.xcassets in Resources */,
			);
			runOnlyForDeploymentPostprocessing = 0;
		};
/* End PBXResourcesBuildPhase section */

/* Begin PBXSourcesBuildPhase section */
		2DF908C028BDD55D006360E5 /* Sources */ = {
			isa = PBXSourcesBuildPhase;
			buildActionMask = 2147483647;
			files = (
				2D65555328BE0A2500E288B0 /* CityWeatherCollectionViewCell.swift in Sources */,
				2D65555B28BE37F700E288B0 /* UIView+Extension.swift in Sources */,
				2D8F48EF28BFA53A0031B2DC /* WeatherDTO.swift in Sources */,
				2DF908C828BDD55D006360E5 /* AppDelegate.swift in Sources */,
				2D65554928BDF89900E288B0 /* CityWeatherViewController.swift in Sources */,
				2D8F48ED28BF9EA80031B2DC /* NetworkService.swift in Sources */,
				2DF908CA28BDD55D006360E5 /* SceneDelegate.swift in Sources */,
				2D65554B28BDF8DE00E288B0 /* CityWeatherView.swift in Sources */,
				2D65555928BE37B800E288B0 /* UIStackView+Extension.swift in Sources */,
				2D8F48E828BF9C420031B2DC /* NetworkResult.swift in Sources */,
			);
			runOnlyForDeploymentPostprocessing = 0;
		};
/* End PBXSourcesBuildPhase section */

/* Begin PBXVariantGroup section */
		2DF908D228BDD55E006360E5 /* LaunchScreen.storyboard */ = {
			isa = PBXVariantGroup;
			children = (
				2DF908D328BDD55E006360E5 /* Base */,
			);
			name = LaunchScreen.storyboard;
			sourceTree = "<group>";
		};
/* End PBXVariantGroup section */

/* Begin XCBuildConfiguration section */
		2DF908D628BDD55E006360E5 /* Debug */ = {
			isa = XCBuildConfiguration;
			buildSettings = {
				ALWAYS_SEARCH_USER_PATHS = NO;
				CLANG_ANALYZER_NONNULL = YES;
				CLANG_ANALYZER_NUMBER_OBJECT_CONVERSION = YES_AGGRESSIVE;
				CLANG_CXX_LANGUAGE_STANDARD = "gnu++17";
				CLANG_ENABLE_MODULES = YES;
				CLANG_ENABLE_OBJC_ARC = YES;
				CLANG_ENABLE_OBJC_WEAK = YES;
				CLANG_WARN_BLOCK_CAPTURE_AUTORELEASING = YES;
				CLANG_WARN_BOOL_CONVERSION = YES;
				CLANG_WARN_COMMA = YES;
				CLANG_WARN_CONSTANT_CONVERSION = YES;
				CLANG_WARN_DEPRECATED_OBJC_IMPLEMENTATIONS = YES;
				CLANG_WARN_DIRECT_OBJC_ISA_USAGE = YES_ERROR;
				CLANG_WARN_DOCUMENTATION_COMMENTS = YES;
				CLANG_WARN_EMPTY_BODY = YES;
				CLANG_WARN_ENUM_CONVERSION = YES;
				CLANG_WARN_INFINITE_RECURSION = YES;
				CLANG_WARN_INT_CONVERSION = YES;
				CLANG_WARN_NON_LITERAL_NULL_CONVERSION = YES;
				CLANG_WARN_OBJC_IMPLICIT_RETAIN_SELF = YES;
				CLANG_WARN_OBJC_LITERAL_CONVERSION = YES;
				CLANG_WARN_OBJC_ROOT_CLASS = YES_ERROR;
				CLANG_WARN_QUOTED_INCLUDE_IN_FRAMEWORK_HEADER = YES;
				CLANG_WARN_RANGE_LOOP_ANALYSIS = YES;
				CLANG_WARN_STRICT_PROTOTYPES = YES;
				CLANG_WARN_SUSPICIOUS_MOVE = YES;
				CLANG_WARN_UNGUARDED_AVAILABILITY = YES_AGGRESSIVE;
				CLANG_WARN_UNREACHABLE_CODE = YES;
				CLANG_WARN__DUPLICATE_METHOD_MATCH = YES;
				COPY_PHASE_STRIP = NO;
				DEBUG_INFORMATION_FORMAT = dwarf;
				ENABLE_STRICT_OBJC_MSGSEND = YES;
				ENABLE_TESTABILITY = YES;
				GCC_C_LANGUAGE_STANDARD = gnu11;
				GCC_DYNAMIC_NO_PIC = NO;
				GCC_NO_COMMON_BLOCKS = YES;
				GCC_OPTIMIZATION_LEVEL = 0;
				GCC_PREPROCESSOR_DEFINITIONS = (
					"DEBUG=1",
					"$(inherited)",
				);
				GCC_WARN_64_TO_32_BIT_CONVERSION = YES;
				GCC_WARN_ABOUT_RETURN_TYPE = YES_ERROR;
				GCC_WARN_UNDECLARED_SELECTOR = YES;
				GCC_WARN_UNINITIALIZED_AUTOS = YES_AGGRESSIVE;
				GCC_WARN_UNUSED_FUNCTION = YES;
				GCC_WARN_UNUSED_VARIABLE = YES;
				IPHONEOS_DEPLOYMENT_TARGET = 15.4;
				MTL_ENABLE_DEBUG_INFO = INCLUDE_SOURCE;
				MTL_FAST_MATH = YES;
				ONLY_ACTIVE_ARCH = YES;
				SDKROOT = iphoneos;
				SWIFT_ACTIVE_COMPILATION_CONDITIONS = DEBUG;
				SWIFT_OPTIMIZATION_LEVEL = "-Onone";
			};
			name = Debug;
		};
		2DF908D728BDD55E006360E5 /* Release */ = {
			isa = XCBuildConfiguration;
			buildSettings = {
				ALWAYS_SEARCH_USER_PATHS = NO;
				CLANG_ANALYZER_NONNULL = YES;
				CLANG_ANALYZER_NUMBER_OBJECT_CONVERSION = YES_AGGRESSIVE;
				CLANG_CXX_LANGUAGE_STANDARD = "gnu++17";
				CLANG_ENABLE_MODULES = YES;
				CLANG_ENABLE_OBJC_ARC = YES;
				CLANG_ENABLE_OBJC_WEAK = YES;
				CLANG_WARN_BLOCK_CAPTURE_AUTORELEASING = YES;
				CLANG_WARN_BOOL_CONVERSION = YES;
				CLANG_WARN_COMMA = YES;
				CLANG_WARN_CONSTANT_CONVERSION = YES;
				CLANG_WARN_DEPRECATED_OBJC_IMPLEMENTATIONS = YES;
				CLANG_WARN_DIRECT_OBJC_ISA_USAGE = YES_ERROR;
				CLANG_WARN_DOCUMENTATION_COMMENTS = YES;
				CLANG_WARN_EMPTY_BODY = YES;
				CLANG_WARN_ENUM_CONVERSION = YES;
				CLANG_WARN_INFINITE_RECURSION = YES;
				CLANG_WARN_INT_CONVERSION = YES;
				CLANG_WARN_NON_LITERAL_NULL_CONVERSION = YES;
				CLANG_WARN_OBJC_IMPLICIT_RETAIN_SELF = YES;
				CLANG_WARN_OBJC_LITERAL_CONVERSION = YES;
				CLANG_WARN_OBJC_ROOT_CLASS = YES_ERROR;
				CLANG_WARN_QUOTED_INCLUDE_IN_FRAMEWORK_HEADER = YES;
				CLANG_WARN_RANGE_LOOP_ANALYSIS = YES;
				CLANG_WARN_STRICT_PROTOTYPES = YES;
				CLANG_WARN_SUSPICIOUS_MOVE = YES;
				CLANG_WARN_UNGUARDED_AVAILABILITY = YES_AGGRESSIVE;
				CLANG_WARN_UNREACHABLE_CODE = YES;
				CLANG_WARN__DUPLICATE_METHOD_MATCH = YES;
				COPY_PHASE_STRIP = NO;
				DEBUG_INFORMATION_FORMAT = "dwarf-with-dsym";
				ENABLE_NS_ASSERTIONS = NO;
				ENABLE_STRICT_OBJC_MSGSEND = YES;
				GCC_C_LANGUAGE_STANDARD = gnu11;
				GCC_NO_COMMON_BLOCKS = YES;
				GCC_WARN_64_TO_32_BIT_CONVERSION = YES;
				GCC_WARN_ABOUT_RETURN_TYPE = YES_ERROR;
				GCC_WARN_UNDECLARED_SELECTOR = YES;
				GCC_WARN_UNINITIALIZED_AUTOS = YES_AGGRESSIVE;
				GCC_WARN_UNUSED_FUNCTION = YES;
				GCC_WARN_UNUSED_VARIABLE = YES;
				IPHONEOS_DEPLOYMENT_TARGET = 15.4;
				MTL_ENABLE_DEBUG_INFO = NO;
				MTL_FAST_MATH = YES;
				SDKROOT = iphoneos;
				SWIFT_COMPILATION_MODE = wholemodule;
				SWIFT_OPTIMIZATION_LEVEL = "-O";
				VALIDATE_PRODUCT = YES;
			};
			name = Release;
		};
		2DF908D928BDD55E006360E5 /* Debug */ = {
			isa = XCBuildConfiguration;
			buildSettings = {
				ASSETCATALOG_COMPILER_APPICON_NAME = AppIcon;
				ASSETCATALOG_COMPILER_GLOBAL_ACCENT_COLOR_NAME = AccentColor;
				CODE_SIGN_STYLE = Automatic;
				CURRENT_PROJECT_VERSION = 1;
				DEVELOPMENT_TEAM = U3443QN3X7;
				GENERATE_INFOPLIST_FILE = YES;
				INFOPLIST_FILE = "wanted-pre-onboarding/Application/Info.plist";
				INFOPLIST_KEY_UIApplicationSupportsIndirectInputEvents = YES;
				INFOPLIST_KEY_UILaunchStoryboardName = LaunchScreen;
				INFOPLIST_KEY_UISupportedInterfaceOrientations_iPad = "UIInterfaceOrientationPortrait UIInterfaceOrientationPortraitUpsideDown UIInterfaceOrientationLandscapeLeft UIInterfaceOrientationLandscapeRight";
				INFOPLIST_KEY_UISupportedInterfaceOrientations_iPhone = "UIInterfaceOrientationPortrait UIInterfaceOrientationLandscapeLeft UIInterfaceOrientationLandscapeRight";
				LD_RUNPATH_SEARCH_PATHS = (
					"$(inherited)",
					"@executable_path/Frameworks",
				);
				MARKETING_VERSION = 1.0;
				PRODUCT_BUNDLE_IDENTIFIER = "com.datasturucter.wanted-pre-onboarding";
				PRODUCT_NAME = "$(TARGET_NAME)";
				SWIFT_EMIT_LOC_STRINGS = YES;
				SWIFT_VERSION = 5.0;
				TARGETED_DEVICE_FAMILY = "1,2";
			};
			name = Debug;
		};
		2DF908DA28BDD55E006360E5 /* Release */ = {
			isa = XCBuildConfiguration;
			buildSettings = {
				ASSETCATALOG_COMPILER_APPICON_NAME = AppIcon;
				ASSETCATALOG_COMPILER_GLOBAL_ACCENT_COLOR_NAME = AccentColor;
				CODE_SIGN_STYLE = Automatic;
				CURRENT_PROJECT_VERSION = 1;
				DEVELOPMENT_TEAM = U3443QN3X7;
				GENERATE_INFOPLIST_FILE = YES;
				INFOPLIST_FILE = "wanted-pre-onboarding/Application/Info.plist";
				INFOPLIST_KEY_UIApplicationSupportsIndirectInputEvents = YES;
				INFOPLIST_KEY_UILaunchStoryboardName = LaunchScreen;
				INFOPLIST_KEY_UISupportedInterfaceOrientations_iPad = "UIInterfaceOrientationPortrait UIInterfaceOrientationPortraitUpsideDown UIInterfaceOrientationLandscapeLeft UIInterfaceOrientationLandscapeRight";
				INFOPLIST_KEY_UISupportedInterfaceOrientations_iPhone = "UIInterfaceOrientationPortrait UIInterfaceOrientationLandscapeLeft UIInterfaceOrientationLandscapeRight";
				LD_RUNPATH_SEARCH_PATHS = (
					"$(inherited)",
					"@executable_path/Frameworks",
				);
				MARKETING_VERSION = 1.0;
				PRODUCT_BUNDLE_IDENTIFIER = "com.datasturucter.wanted-pre-onboarding";
				PRODUCT_NAME = "$(TARGET_NAME)";
				SWIFT_EMIT_LOC_STRINGS = YES;
				SWIFT_VERSION = 5.0;
				TARGETED_DEVICE_FAMILY = "1,2";
			};
			name = Release;
		};
/* End XCBuildConfiguration section */

/* Begin XCConfigurationList section */
		2DF908BF28BDD55D006360E5 /* Build configuration list for PBXProject "wanted-pre-onboarding" */ = {
			isa = XCConfigurationList;
			buildConfigurations = (
				2DF908D628BDD55E006360E5 /* Debug */,
				2DF908D728BDD55E006360E5 /* Release */,
			);
			defaultConfigurationIsVisible = 0;
			defaultConfigurationName = Release;
		};
		2DF908D828BDD55E006360E5 /* Build configuration list for PBXNativeTarget "wanted-pre-onboarding" */ = {
			isa = XCConfigurationList;
			buildConfigurations = (
				2DF908D928BDD55E006360E5 /* Debug */,
				2DF908DA28BDD55E006360E5 /* Release */,
			);
			defaultConfigurationIsVisible = 0;
			defaultConfigurationName = Release;
		};
/* End XCConfigurationList section */
	};
	rootObject = 2DF908BC28BDD55D006360E5 /* Project object */;
}
